
Microsoft Visual Studio Solution File, Format Version 12.00
# Visual Studio 15
VisualStudioVersion = 15.0.27130.2036
MinimumVisualStudioVersion = 10.0.40219.1
Project("{FAE04EC0-301F-11D3-BF4B-00C04F79EFBC}") = "ComicStock.API", "ComicStock.API\ComicStock.API.csproj", "{9C3B6998-4BAB-4F3E-B715-1DD95CBB671F}"
EndProject
Global
	GlobalSection(SolutionConfigurationPlatforms) = preSolution
		Debug|Any CPU = Debug|Any CPU
		Release|Any CPU = Release|Any CPU
	EndGlobalSection
	GlobalSection(ProjectConfigurationPlatforms) = postSolution
		{9C3B6998-4BAB-4F3E-B715-1DD95CBB671F}.Debug|Any CPU.ActiveCfg = Debug|Any CPU
		{9C3B6998-4BAB-4F3E-B715-1DD95CBB671F}.Debug|Any CPU.Build.0 = Debug|Any CPU
		{9C3B6998-4BAB-4F3E-B715-1DD95CBB671F}.Release|Any CPU.ActiveCfg = Release|Any CPU
		{9C3B6998-4BAB-4F3E-B715-1DD95CBB671F}.Release|Any CPU.Build.0 = Release|Any CPU
	EndGlobalSection
	GlobalSection(SolutionProperties) = preSolution
		HideSolutionNode = FALSE
	EndGlobalSection
	GlobalSection(ExtensibilityGlobals) = postSolution
		SolutionGuid = {22902452-B8E4-4047-9126-26B64E4FD097}
	EndGlobalSection
EndGlobal
